
Microsoft Visual Studio Solution File, Format Version 12.00
# Visual Studio 15
VisualStudioVersion = 15.0.26730.12
MinimumVisualStudioVersion = 10.0.40219.1
Project("{8BC9CEB8-8B4A-11D0-8D11-00A0C91BC942}") = "Stitching", "Stitching\Stitching.vcxproj", "{90168B4E-D984-41F2-93A5-E360DD7D0C29}"
EndProject
Global
	GlobalSection(SolutionConfigurationPlatforms) = preSolution
		Debug|Win32 = Debug|Win32
		Debug|x64 = Debug|x64
		Profile|Win32 = Profile|Win32
		Profile|x64 = Profile|x64
		Release|Win32 = Release|Win32
		Release|x64 = Release|x64
	EndGlobalSection
	GlobalSection(ProjectConfigurationPlatforms) = postSolution
		{90168B4E-D984-41F2-93A5-E360DD7D0C29}.Debug|Win32.ActiveCfg = Debug|Win32
		{90168B4E-D984-41F2-93A5-E360DD7D0C29}.Debug|Win32.Build.0 = Debug|Win32
		{90168B4E-D984-41F2-93A5-E360DD7D0C29}.Debug|x64.ActiveCfg = Debug|x64
		{90168B4E-D984-41F2-93A5-E360DD7D0C29}.Debug|x64.Build.0 = Debug|x64
		{90168B4E-D984-41F2-93A5-E360DD7D0C29}.Profile|Win32.ActiveCfg = Release|Win32
		{90168B4E-D984-41F2-93A5-E360DD7D0C29}.Profile|Win32.Build.0 = Release|Win32
		{90168B4E-D984-41F2-93A5-E360DD7D0C29}.Profile|x64.ActiveCfg = Release|x64
		{90168B4E-D984-41F2-93A5-E360DD7D0C29}.Profile|x64.Build.0 = Release|x64
		{90168B4E-D984-41F2-93A5-E360DD7D0C29}.Release|Win32.ActiveCfg = Release|Win32
		{90168B4E-D984-41F2-93A5-E360DD7D0C29}.Release|Win32.Build.0 = Release|Win32
		{90168B4E-D984-41F2-93A5-E360DD7D0C29}.Release|x64.ActiveCfg = Release|x64
		{90168B4E-D984-41F2-93A5-E360DD7D0C29}.Release|x64.Build.0 = Release|x64
	EndGlobalSection
	GlobalSection(SolutionProperties) = preSolution
		HideSolutionNode = FALSE
	EndGlobalSection
	GlobalSection(ExtensibilityGlobals) = postSolution
		SolutionGuid = {54DFA41C-542B-47CB-BB71-B45184911B6A}
	EndGlobalSection
EndGlobal
